# This file is automatically @generated by Cargo.
# It is not intended for manual editing.
version = 4

[[package]]
name = "rusty_rtos_core"
version = "0.1.0"
source = "git+https://github.com/Remade-With-Rust/rusty_rtos_core#c2626ab874d0cc6cc556ce68aca82f33df12490b"

[[package]]
name = "rusty_rtos_demo"
version = "0.1.0"
dependencies = [
 "rusty_rtos_demo-core",
]

[[package]]
name = "rusty_rtos_demo-core"
version = "0.1.0"
dependencies = [
 "rusty_rtos_core",
 "rusty_rtos_kernel",
 "rusty_rtos_port",
]

[[package]]
name = "rusty_rtos_kernel"
version = "0.1.0"
source = "git+https://github.com/Remade-With-Rust/rusty_rtos_kernel#aeb02b54e0d3a09db7c144a16e442087081613b6"
dependencies = [
 "rusty_rtos_kernel-core",
]

[[package]]
name = "rusty_rtos_kernel-core"
version = "0.1.0"
source = "git+https://github.com/Remade-With-Rust/rusty_rtos_kernel#aeb02b54e0d3a09db7c144a16e442087081613b6"
dependencies = [
 "rusty_rtos_core",
]

[[package]]
name = "rusty_rtos_port"
version = "0.1.0"
source = "git+https://github.com/Remade-With-Rust/rusty_rtos_port#167e5b07158d93a01ef4f272f91c9aabb6365a2a"
dependencies = [
 "rusty_rtos_port-core",
]

[[package]]
name = "rusty_rtos_port-core"
version = "0.1.0"
source = "git+https://github.com/Remade-With-Rust/rusty_rtos_port#167e5b07158d93a01ef4f272f91c9aabb6365a2a"
dependencies = [
 "rusty_rtos_core",
]
