# This file is automatically @generated by Cargo.
# It is not intended for manual editing.
version = 4

[[package]]
name = "rusty_rtos_core"
version = "0.1.0"
source = "git+https://github.com/Remade-With-Rust/rusty_rtos_core#862152a8423faf05f427232a1b0c4d10e322feca"

[[package]]
name = "rusty_rtos_demo"
version = "0.1.0"
dependencies = [
 "rusty_rtos_demo-core",
]

[[package]]
name = "rusty_rtos_demo-core"
version = "0.1.0"
dependencies = [
 "rusty_rtos_core",
 "rusty_rtos_kernel",
 "rusty_rtos_port",
]

[[package]]
name = "rusty_rtos_kernel"
version = "0.1.0"
source = "git+https://github.com/Remade-With-Rust/rusty_rtos_kernel#6ba2a8340ac6e69e294376a9a0b4649bb11a178a"
dependencies = [
 "rusty_rtos_kernel-core",
]

[[package]]
name = "rusty_rtos_kernel-core"
version = "0.1.0"
source = "git+https://github.com/Remade-With-Rust/rusty_rtos_kernel#6ba2a8340ac6e69e294376a9a0b4649bb11a178a"
dependencies = [
 "rusty_rtos_core",
]

[[package]]
name = "rusty_rtos_port"
version = "0.1.0"
source = "git+https://github.com/Remade-With-Rust/rusty_rtos_port#465bf12735a7d522670fd232b1c7b6a267ed4a84"
dependencies = [
 "rusty_rtos_port-core",
]

[[package]]
name = "rusty_rtos_port-core"
version = "0.1.0"
source = "git+https://github.com/Remade-With-Rust/rusty_rtos_port#465bf12735a7d522670fd232b1c7b6a267ed4a84"
dependencies = [
 "rusty_rtos_core",
]
