# This file is automatically @generated by Cargo.
# It is not intended for manual editing.
version = 4

[[package]]
name = "rusty_rtos_core"
version = "0.2.3"
source = "registry+https://github.com/rust-lang/crates.io-index"
checksum = "8ba106a533fc8393863fe231dc69327f78cacf9db697f3e2c1027e8890601403"

[[package]]
name = "rusty_rtos_demo"
version = "0.3.0"
dependencies = [
 "rusty_rtos_demo-core",
]

[[package]]
name = "rusty_rtos_demo-core"
version = "0.3.0"
dependencies = [
 "rusty_rtos_core",
 "rusty_rtos_kernel",
 "rusty_rtos_port",
]

[[package]]
name = "rusty_rtos_kernel"
version = "0.3.1"
source = "registry+https://github.com/rust-lang/crates.io-index"
checksum = "063e2cc6706b8621ff4d275f949f6e77aecf52dcb6acadb14927b8f783396d28"
dependencies = [
 "rusty_rtos_kernel-core",
]

[[package]]
name = "rusty_rtos_kernel-core"
version = "0.3.1"
source = "registry+https://github.com/rust-lang/crates.io-index"
checksum = "11d25531ec992d436c2466ae050b74cd0eaca16467e9e1a34e219439562bdd4e"
dependencies = [
 "rusty_rtos_core",
]

[[package]]
name = "rusty_rtos_port"
version = "0.3.0"
source = "registry+https://github.com/rust-lang/crates.io-index"
checksum = "6130677ce42ca4a894e5c6419fef79d61e0b1efafedc6ca42f1046e7b1b96579"
dependencies = [
 "rusty_rtos_port-core",
]

[[package]]
name = "rusty_rtos_port-core"
version = "0.3.0"
source = "registry+https://github.com/rust-lang/crates.io-index"
checksum = "5f6e2a22a202d68216f820ffb9b67cc272679fc51f50f9f16b2c4ef679a5b3a6"
dependencies = [
 "rusty_rtos_core",
]
